
Microsoft Visual Studio Solution File, Format Version 12.00
# Visual Studio 14
VisualStudioVersion = 14.0.25420.1
MinimumVisualStudioVersion = 10.0.40219.1
Project("{2150E333-8FDC-42A3-9474-1A3956D46DE8}") = "Domain", "Domain", "{28373F5B-E9A3-46FC-8536-8A210DFCB9DD}"
EndProject
Project("{FAE04EC0-301F-11D3-BF4B-00C04F79EFBC}") = "Infrastructure", "Infrastructure\Infrastructure.csproj", "{DDC41D1D-6CAE-40EB-A46D-E00B17FEE258}"
EndProject
Project("{FAE04EC0-301F-11D3-BF4B-00C04F79EFBC}") = "Domain.Context", "Domain.Context\Domain.Context.csproj", "{32AD6F7C-A4D7-4E48-A53C-226E6932D3D1}"
EndProject
Project("{FAE04EC0-301F-11D3-BF4B-00C04F79EFBC}") = "Domain.Model", "Domain.Model\Domain.Model.csproj", "{EACD2DBB-02C3-436B-ABB0-0EA75356D6D3}"
EndProject
Project("{FAE04EC0-301F-11D3-BF4B-00C04F79EFBC}") = "Domain.Repository", "Domain.Repository\Domain.Repository.csproj", "{62DBFB40-2321-4E80-871B-CD4C66883141}"
EndProject
Project("{FAE04EC0-301F-11D3-BF4B-00C04F79EFBC}") = "BackgroundWorker", "BackgroundWorker\BackgroundWorker.csproj", "{2456040E-C9AA-4C7A-8997-64230531CC5E}"
EndProject
Project("{FAE04EC0-301F-11D3-BF4B-00C04F79EFBC}") = "DbUpdate", "DbUpdate\DbUpdate.csproj", "{9E698A5D-7991-44E2-AF03-0F4AECEFC8C7}"
EndProject
Project("{FAE04EC0-301F-11D3-BF4B-00C04F79EFBC}") = "Web", "Web\Web.csproj", "{F15EF72D-44DF-4970-AE92-B57A4663F8D0}"
EndProject
Project("{2150E333-8FDC-42A3-9474-1A3956D46DE8}") = "Tests", "Tests", "{F10EF258-085A-4C9A-A544-71B026D09D4A}"
EndProject
Project("{FAE04EC0-301F-11D3-BF4B-00C04F79EFBC}") = "InfrastructureTests", "InfrastructureTests\InfrastructureTests.csproj", "{CA81CFED-8B01-4DBB-8E6F-3FC1C149CB99}"
EndProject
Global
	GlobalSection(SolutionConfigurationPlatforms) = preSolution
		Debug|Any CPU = Debug|Any CPU
		Release|Any CPU = Release|Any CPU
	EndGlobalSection
	GlobalSection(ProjectConfigurationPlatforms) = postSolution
		{DDC41D1D-6CAE-40EB-A46D-E00B17FEE258}.Debug|Any CPU.ActiveCfg = Debug|Any CPU
		{DDC41D1D-6CAE-40EB-A46D-E00B17FEE258}.Debug|Any CPU.Build.0 = Debug|Any CPU
		{DDC41D1D-6CAE-40EB-A46D-E00B17FEE258}.Release|Any CPU.ActiveCfg = Release|Any CPU
		{DDC41D1D-6CAE-40EB-A46D-E00B17FEE258}.Release|Any CPU.Build.0 = Release|Any CPU
		{32AD6F7C-A4D7-4E48-A53C-226E6932D3D1}.Debug|Any CPU.ActiveCfg = Debug|Any CPU
		{32AD6F7C-A4D7-4E48-A53C-226E6932D3D1}.Debug|Any CPU.Build.0 = Debug|Any CPU
		{32AD6F7C-A4D7-4E48-A53C-226E6932D3D1}.Release|Any CPU.ActiveCfg = Release|Any CPU
		{32AD6F7C-A4D7-4E48-A53C-226E6932D3D1}.Release|Any CPU.Build.0 = Release|Any CPU
		{EACD2DBB-02C3-436B-ABB0-0EA75356D6D3}.Debug|Any CPU.ActiveCfg = Debug|Any CPU
		{EACD2DBB-02C3-436B-ABB0-0EA75356D6D3}.Debug|Any CPU.Build.0 = Debug|Any CPU
		{EACD2DBB-02C3-436B-ABB0-0EA75356D6D3}.Release|Any CPU.ActiveCfg = Release|Any CPU
		{EACD2DBB-02C3-436B-ABB0-0EA75356D6D3}.Release|Any CPU.Build.0 = Release|Any CPU
		{62DBFB40-2321-4E80-871B-CD4C66883141}.Debug|Any CPU.ActiveCfg = Debug|Any CPU
		{62DBFB40-2321-4E80-871B-CD4C66883141}.Debug|Any CPU.Build.0 = Debug|Any CPU
		{62DBFB40-2321-4E80-871B-CD4C66883141}.Release|Any CPU.ActiveCfg = Release|Any CPU
		{62DBFB40-2321-4E80-871B-CD4C66883141}.Release|Any CPU.Build.0 = Release|Any CPU
		{2456040E-C9AA-4C7A-8997-64230531CC5E}.Debug|Any CPU.ActiveCfg = Debug|Any CPU
		{2456040E-C9AA-4C7A-8997-64230531CC5E}.Debug|Any CPU.Build.0 = Debug|Any CPU
		{2456040E-C9AA-4C7A-8997-64230531CC5E}.Release|Any CPU.ActiveCfg = Release|Any CPU
		{2456040E-C9AA-4C7A-8997-64230531CC5E}.Release|Any CPU.Build.0 = Release|Any CPU
		{9E698A5D-7991-44E2-AF03-0F4AECEFC8C7}.Debug|Any CPU.ActiveCfg = Debug|Any CPU
		{9E698A5D-7991-44E2-AF03-0F4AECEFC8C7}.Debug|Any CPU.Build.0 = Debug|Any CPU
		{9E698A5D-7991-44E2-AF03-0F4AECEFC8C7}.Release|Any CPU.ActiveCfg = Release|Any CPU
		{9E698A5D-7991-44E2-AF03-0F4AECEFC8C7}.Release|Any CPU.Build.0 = Release|Any CPU
		{F15EF72D-44DF-4970-AE92-B57A4663F8D0}.Debug|Any CPU.ActiveCfg = Debug|Any CPU
		{F15EF72D-44DF-4970-AE92-B57A4663F8D0}.Debug|Any CPU.Build.0 = Debug|Any CPU
		{F15EF72D-44DF-4970-AE92-B57A4663F8D0}.Release|Any CPU.ActiveCfg = Release|Any CPU
		{F15EF72D-44DF-4970-AE92-B57A4663F8D0}.Release|Any CPU.Build.0 = Release|Any CPU
		{CA81CFED-8B01-4DBB-8E6F-3FC1C149CB99}.Debug|Any CPU.ActiveCfg = Debug|Any CPU
		{CA81CFED-8B01-4DBB-8E6F-3FC1C149CB99}.Debug|Any CPU.Build.0 = Debug|Any CPU
		{CA81CFED-8B01-4DBB-8E6F-3FC1C149CB99}.Release|Any CPU.ActiveCfg = Release|Any CPU
		{CA81CFED-8B01-4DBB-8E6F-3FC1C149CB99}.Release|Any CPU.Build.0 = Release|Any CPU
	EndGlobalSection
	GlobalSection(SolutionProperties) = preSolution
		HideSolutionNode = FALSE
	EndGlobalSection
	GlobalSection(NestedProjects) = preSolution
		{32AD6F7C-A4D7-4E48-A53C-226E6932D3D1} = {28373F5B-E9A3-46FC-8536-8A210DFCB9DD}
		{EACD2DBB-02C3-436B-ABB0-0EA75356D6D3} = {28373F5B-E9A3-46FC-8536-8A210DFCB9DD}
		{62DBFB40-2321-4E80-871B-CD4C66883141} = {28373F5B-E9A3-46FC-8536-8A210DFCB9DD}
		{CA81CFED-8B01-4DBB-8E6F-3FC1C149CB99} = {F10EF258-085A-4C9A-A544-71B026D09D4A}
	EndGlobalSection
	GlobalSection(ExtensibilityGlobals) = postSolution
		SolutionGuid = {65F3F09B-B7C1-476F-AE37-8681335DA52D}
	EndGlobalSection
EndGlobal
